
Microsoft Visual Studio Solution File, Format Version 12.00
# Visual Studio Version 17
VisualStudioVersion = 17.10.34928.147
MinimumVisualStudioVersion = 10.0.40219.1
Project("{FAE04EC0-301F-11D3-BF4B-00C04F79EFBC}") = "SistemaTickets", "SistemaTickets.csproj", "{AAD7A6A9-43B9-4CED-B53A-A8DF315D9FE4}"
EndProject
Global
	GlobalSection(SolutionConfigurationPlatforms) = preSolution
		Debug|Any CPU = Debug|Any CPU
		Release|Any CPU = Release|Any CPU
	EndGlobalSection
	GlobalSection(ProjectConfigurationPlatforms) = postSolution
		{AAD7A6A9-43B9-4CED-B53A-A8DF315D9FE4}.Debug|Any CPU.ActiveCfg = Debug|Any CPU
		{AAD7A6A9-43B9-4CED-B53A-A8DF315D9FE4}.Debug|Any CPU.Build.0 = Debug|Any CPU
		{AAD7A6A9-43B9-4CED-B53A-A8DF315D9FE4}.Release|Any CPU.ActiveCfg = Release|Any CPU
		{AAD7A6A9-43B9-4CED-B53A-A8DF315D9FE4}.Release|Any CPU.Build.0 = Release|Any CPU
	EndGlobalSection
	GlobalSection(SolutionProperties) = preSolution
		HideSolutionNode = FALSE
	EndGlobalSection
	GlobalSection(ExtensibilityGlobals) = postSolution
		SolutionGuid = {A89FD3CF-A2AE-48A6-9CB7-47CFB40B58BA}
	EndGlobalSection
EndGlobal
